
Microsoft Visual Studio Solution File, Format Version 12.00
# Visual Studio Version 17
VisualStudioVersion = 17.10.35027.167
MinimumVisualStudioVersion = 10.0.40219.1
Project("{9A19103F-16F7-4668-BE54-9A1E7A4F7556}") = "UserService", "UserService\UserService.csproj", "{A95D8914-06DB-4894-8359-3F405F9BD458}"
EndProject
Project("{9A19103F-16F7-4668-BE54-9A1E7A4F7556}") = "AccountService", "AccountService\AccountService.csproj", "{862BEDE7-4552-4416-A873-045CF3420D16}"
EndProject
Project("{9A19103F-16F7-4668-BE54-9A1E7A4F7556}") = "OrderService", "OrderService\OrderService.csproj", "{70BA5326-D07A-4C42-998B-2843E52FCD75}"
EndProject
Project("{2150E333-8FDC-42A3-9474-1A3956D46DE8}") = "Solution Items", "Solution Items", "{E8DB4373-1F8B-42A7-B3F1-89A7F52F9908}"
	ProjectSection(SolutionItems) = preProject
		.gitignore = .gitignore
	EndProjectSection
EndProject
Project("{2150E333-8FDC-42A3-9474-1A3956D46DE8}") = "charts", "charts", "{52C09BF6-7827-4E8E-A48D-6FF8F8313F10}"
EndProject
Project("{2150E333-8FDC-42A3-9474-1A3956D46DE8}") = "templates", "templates", "{116F16BE-D554-4C69-AD75-B0C9D82F045F}"
EndProject
Project("{2150E333-8FDC-42A3-9474-1A3956D46DE8}") = "charts", "charts", "{DEFA319E-D42C-4919-BCB6-BD91BAD30ADE}"
EndProject
Project("{2150E333-8FDC-42A3-9474-1A3956D46DE8}") = "umbrella-charts", "umbrella-charts", "{538EAEB6-C644-4728-94E9-F2DBFC0E7535}"
	ProjectSection(SolutionItems) = preProject
		charts\umbrella-charts\.helmignore = charts\umbrella-charts\.helmignore
		charts\umbrella-charts\Chart.lock = charts\umbrella-charts\Chart.lock
		charts\umbrella-charts\Chart.yaml = charts\umbrella-charts\Chart.yaml
		charts\umbrella-charts\values.yaml = charts\umbrella-charts\values.yaml
	EndProjectSection
EndProject
Global
	GlobalSection(SolutionConfigurationPlatforms) = preSolution
		Debug|Any CPU = Debug|Any CPU
		Release|Any CPU = Release|Any CPU
	EndGlobalSection
	GlobalSection(ProjectConfigurationPlatforms) = postSolution
		{A95D8914-06DB-4894-8359-3F405F9BD458}.Debug|Any CPU.ActiveCfg = Debug|Any CPU
		{A95D8914-06DB-4894-8359-3F405F9BD458}.Debug|Any CPU.Build.0 = Debug|Any CPU
		{A95D8914-06DB-4894-8359-3F405F9BD458}.Release|Any CPU.ActiveCfg = Release|Any CPU
		{A95D8914-06DB-4894-8359-3F405F9BD458}.Release|Any CPU.Build.0 = Release|Any CPU
		{862BEDE7-4552-4416-A873-045CF3420D16}.Debug|Any CPU.ActiveCfg = Debug|Any CPU
		{862BEDE7-4552-4416-A873-045CF3420D16}.Debug|Any CPU.Build.0 = Debug|Any CPU
		{862BEDE7-4552-4416-A873-045CF3420D16}.Release|Any CPU.ActiveCfg = Release|Any CPU
		{862BEDE7-4552-4416-A873-045CF3420D16}.Release|Any CPU.Build.0 = Release|Any CPU
		{70BA5326-D07A-4C42-998B-2843E52FCD75}.Debug|Any CPU.ActiveCfg = Debug|Any CPU
		{70BA5326-D07A-4C42-998B-2843E52FCD75}.Debug|Any CPU.Build.0 = Debug|Any CPU
		{70BA5326-D07A-4C42-998B-2843E52FCD75}.Release|Any CPU.ActiveCfg = Release|Any CPU
		{70BA5326-D07A-4C42-998B-2843E52FCD75}.Release|Any CPU.Build.0 = Release|Any CPU
	EndGlobalSection
	GlobalSection(SolutionProperties) = preSolution
		HideSolutionNode = FALSE
	EndGlobalSection
	GlobalSection(NestedProjects) = preSolution
		{116F16BE-D554-4C69-AD75-B0C9D82F045F} = {538EAEB6-C644-4728-94E9-F2DBFC0E7535}
		{DEFA319E-D42C-4919-BCB6-BD91BAD30ADE} = {538EAEB6-C644-4728-94E9-F2DBFC0E7535}
		{538EAEB6-C644-4728-94E9-F2DBFC0E7535} = {52C09BF6-7827-4E8E-A48D-6FF8F8313F10}
	EndGlobalSection
	GlobalSection(ExtensibilityGlobals) = postSolution
		SolutionGuid = {0C44C1F5-D495-45B9-88B6-B66314C11D63}
	EndGlobalSection
EndGlobal
