dependencies:
- name: userservice
  repository: file://../../UserService/helm
  version: 0.1.1
- name: accountservice
  repository: file://../../AccountService/helm
  version: 0.1.1
- name: orderservice
  repository: file://../../OrderService/helm
  version: 0.1.1
- name: mongodb
  repository: https://charts.bitnami.com/bitnami
  version: 16.4.0
- name: redis
  repository: https://charts.bitnami.com/bitnami
  version: 20.6.1
digest: sha256:75888206c26da4cba778a5fd2b85926df4a897f29f58e2c547bea8edb7ce7881
generated: "2025-01-05T12:36:52.9133534+01:00"
