dependencies:
- name: userservice
  repository: file://../UserService/helm
  version: 0.1.0
- name: accountservice
  repository: file://../AccountService/helm
  version: 0.1.0
- name: orderservice
  repository: file://../OrderService/helm
  version: 0.1.0
- name: mongodb
  repository: https://charts.bitnami.com/bitnami
  version: 16.4.0
- name: redis
  repository: https://charts.bitnami.com/bitnami
  version: 20.6.1
digest: sha256:e6cab108a4785957e412b2eac6fad39d728dce92c679da2db912d9dca79faddc
generated: "2024-12-28T17:00:30.6460585+01:00"
